
Microsoft Visual Studio Solution File, Format Version 12.00
# Visual Studio Version 17
VisualStudioVersion = 17.0.31903.59
MinimumVisualStudioVersion = 10.0.40219.1
Project("{2150E333-8FDC-42A3-9474-1A3956D46DE8}") = "services", "services", "{5854FF58-B8C5-05C6-5BF2-ACE42193F22B}"
EndProject
Project("{2150E333-8FDC-42A3-9474-1A3956D46DE8}") = "api", "api", "{EDCCA0DF-5DC8-2F8D-5811-C9DAF15915A4}"
EndProject
Project("{2150E333-8FDC-42A3-9474-1A3956D46DE8}") = "Domain", "Domain", "{4412D23B-A642-F518-2B7E-E764E75055D8}"
EndProject
Project("{FAE04EC0-301F-11D3-BF4B-00C04F79EFBC}") = "QuoteEngine.Domain", "services\api\Domain\QuoteEngine.Domain.csproj", "{2D133ACD-9C02-48A3-9C59-208D6D13F3DF}"
EndProject
Project("{2150E333-8FDC-42A3-9474-1A3956D46DE8}") = "Application", "Application", "{444F9ED9-574B-252B-71EC-B38CE62DAC07}"
EndProject
Project("{FAE04EC0-301F-11D3-BF4B-00C04F79EFBC}") = "QuoteEngine.Application", "services\api\Application\QuoteEngine.Application.csproj", "{2F04DEEC-D16D-49C2-ABEE-0872535BCDFB}"
EndProject
Project("{2150E333-8FDC-42A3-9474-1A3956D46DE8}") = "Persistence", "Persistence", "{19EEA307-4B73-41E8-FCDE-2ACAEB234A86}"
EndProject
Project("{FAE04EC0-301F-11D3-BF4B-00C04F79EFBC}") = "QuoteEngine.Persistence", "services\api\Persistence\QuoteEngine.Persistence.csproj", "{A35AE2AE-B05E-449F-ABF0-01D43556A05B}"
EndProject
Project("{2150E333-8FDC-42A3-9474-1A3956D46DE8}") = "Host", "Host", "{55546B68-E1C6-636E-3136-62FA6ACE7BDB}"
EndProject
Project("{FAE04EC0-301F-11D3-BF4B-00C04F79EFBC}") = "QuoteEngine.Api", "services\api\Host\QuoteEngine.Api.csproj", "{C67BFB67-7EE4-4416-B0EA-3787182BC868}"
EndProject
Project("{2150E333-8FDC-42A3-9474-1A3956D46DE8}") = "Tests", "Tests", "{A182BE92-436D-637C-93E8-6888E53FAC45}"
EndProject
Project("{2150E333-8FDC-42A3-9474-1A3956D46DE8}") = "Integration", "Integration", "{9027FFDE-EA70-051E-AE57-0FE9F86C3451}"
EndProject
Project("{FAE04EC0-301F-11D3-BF4B-00C04F79EFBC}") = "QuoteEngine.IntegrationTests", "services\api\Tests\Integration\QuoteEngine.IntegrationTests.csproj", "{D971A938-D24A-4844-98A9-633ED7C2DC0C}"
EndProject
Project("{2150E333-8FDC-42A3-9474-1A3956D46DE8}") = "Unit", "Unit", "{1E05F081-1650-85A3-C396-CF923622D1BA}"
EndProject
Project("{FAE04EC0-301F-11D3-BF4B-00C04F79EFBC}") = "QuoteEngine.UnitTests", "services\api\Tests\Unit\QuoteEngine.UnitTests.csproj", "{8AE720CF-D959-4746-9C76-1D4B4DA501A6}"
EndProject
Global
	GlobalSection(SolutionConfigurationPlatforms) = preSolution
		Debug|Any CPU = Debug|Any CPU
		Debug|x64 = Debug|x64
		Debug|x86 = Debug|x86
		Release|Any CPU = Release|Any CPU
		Release|x64 = Release|x64
		Release|x86 = Release|x86
	EndGlobalSection
	GlobalSection(ProjectConfigurationPlatforms) = postSolution
		{2D133ACD-9C02-48A3-9C59-208D6D13F3DF}.Debug|Any CPU.ActiveCfg = Debug|Any CPU
		{2D133ACD-9C02-48A3-9C59-208D6D13F3DF}.Debug|Any CPU.Build.0 = Debug|Any CPU
		{2D133ACD-9C02-48A3-9C59-208D6D13F3DF}.Debug|x64.ActiveCfg = Debug|Any CPU
		{2D133ACD-9C02-48A3-9C59-208D6D13F3DF}.Debug|x64.Build.0 = Debug|Any CPU
		{2D133ACD-9C02-48A3-9C59-208D6D13F3DF}.Debug|x86.ActiveCfg = Debug|Any CPU
		{2D133ACD-9C02-48A3-9C59-208D6D13F3DF}.Debug|x86.Build.0 = Debug|Any CPU
		{2D133ACD-9C02-48A3-9C59-208D6D13F3DF}.Release|Any CPU.ActiveCfg = Release|Any CPU
		{2D133ACD-9C02-48A3-9C59-208D6D13F3DF}.Release|Any CPU.Build.0 = Release|Any CPU
		{2D133ACD-9C02-48A3-9C59-208D6D13F3DF}.Release|x64.ActiveCfg = Release|Any CPU
		{2D133ACD-9C02-48A3-9C59-208D6D13F3DF}.Release|x64.Build.0 = Release|Any CPU
		{2D133ACD-9C02-48A3-9C59-208D6D13F3DF}.Release|x86.ActiveCfg = Release|Any CPU
		{2D133ACD-9C02-48A3-9C59-208D6D13F3DF}.Release|x86.Build.0 = Release|Any CPU
		{2F04DEEC-D16D-49C2-ABEE-0872535BCDFB}.Debug|Any CPU.ActiveCfg = Debug|Any CPU
		{2F04DEEC-D16D-49C2-ABEE-0872535BCDFB}.Debug|Any CPU.Build.0 = Debug|Any CPU
		{2F04DEEC-D16D-49C2-ABEE-0872535BCDFB}.Debug|x64.ActiveCfg = Debug|Any CPU
		{2F04DEEC-D16D-49C2-ABEE-0872535BCDFB}.Debug|x64.Build.0 = Debug|Any CPU
		{2F04DEEC-D16D-49C2-ABEE-0872535BCDFB}.Debug|x86.ActiveCfg = Debug|Any CPU
		{2F04DEEC-D16D-49C2-ABEE-0872535BCDFB}.Debug|x86.Build.0 = Debug|Any CPU
		{2F04DEEC-D16D-49C2-ABEE-0872535BCDFB}.Release|Any CPU.ActiveCfg = Release|Any CPU
		{2F04DEEC-D16D-49C2-ABEE-0872535BCDFB}.Release|Any CPU.Build.0 = Release|Any CPU
		{2F04DEEC-D16D-49C2-ABEE-0872535BCDFB}.Release|x64.ActiveCfg = Release|Any CPU
		{2F04DEEC-D16D-49C2-ABEE-0872535BCDFB}.Release|x64.Build.0 = Release|Any CPU
		{2F04DEEC-D16D-49C2-ABEE-0872535BCDFB}.Release|x86.ActiveCfg = Release|Any CPU
		{2F04DEEC-D16D-49C2-ABEE-0872535BCDFB}.Release|x86.Build.0 = Release|Any CPU
		{A35AE2AE-B05E-449F-ABF0-01D43556A05B}.Debug|Any CPU.ActiveCfg = Debug|Any CPU
		{A35AE2AE-B05E-449F-ABF0-01D43556A05B}.Debug|Any CPU.Build.0 = Debug|Any CPU
		{A35AE2AE-B05E-449F-ABF0-01D43556A05B}.Debug|x64.ActiveCfg = Debug|Any CPU
		{A35AE2AE-B05E-449F-ABF0-01D43556A05B}.Debug|x64.Build.0 = Debug|Any CPU
		{A35AE2AE-B05E-449F-ABF0-01D43556A05B}.Debug|x86.ActiveCfg = Debug|Any CPU
		{A35AE2AE-B05E-449F-ABF0-01D43556A05B}.Debug|x86.Build.0 = Debug|Any CPU
		{A35AE2AE-B05E-449F-ABF0-01D43556A05B}.Release|Any CPU.ActiveCfg = Release|Any CPU
		{A35AE2AE-B05E-449F-ABF0-01D43556A05B}.Release|Any CPU.Build.0 = Release|Any CPU
		{A35AE2AE-B05E-449F-ABF0-01D43556A05B}.Release|x64.ActiveCfg = Release|Any CPU
		{A35AE2AE-B05E-449F-ABF0-01D43556A05B}.Release|x64.Build.0 = Release|Any CPU
		{A35AE2AE-B05E-449F-ABF0-01D43556A05B}.Release|x86.ActiveCfg = Release|Any CPU
		{A35AE2AE-B05E-449F-ABF0-01D43556A05B}.Release|x86.Build.0 = Release|Any CPU
		{C67BFB67-7EE4-4416-B0EA-3787182BC868}.Debug|Any CPU.ActiveCfg = Debug|Any CPU
		{C67BFB67-7EE4-4416-B0EA-3787182BC868}.Debug|Any CPU.Build.0 = Debug|Any CPU
		{C67BFB67-7EE4-4416-B0EA-3787182BC868}.Debug|x64.ActiveCfg = Debug|Any CPU
		{C67BFB67-7EE4-4416-B0EA-3787182BC868}.Debug|x64.Build.0 = Debug|Any CPU
		{C67BFB67-7EE4-4416-B0EA-3787182BC868}.Debug|x86.ActiveCfg = Debug|Any CPU
		{C67BFB67-7EE4-4416-B0EA-3787182BC868}.Debug|x86.Build.0 = Debug|Any CPU
		{C67BFB67-7EE4-4416-B0EA-3787182BC868}.Release|Any CPU.ActiveCfg = Release|Any CPU
		{C67BFB67-7EE4-4416-B0EA-3787182BC868}.Release|Any CPU.Build.0 = Release|Any CPU
		{C67BFB67-7EE4-4416-B0EA-3787182BC868}.Release|x64.ActiveCfg = Release|Any CPU
		{C67BFB67-7EE4-4416-B0EA-3787182BC868}.Release|x64.Build.0 = Release|Any CPU
		{C67BFB67-7EE4-4416-B0EA-3787182BC868}.Release|x86.ActiveCfg = Release|Any CPU
		{C67BFB67-7EE4-4416-B0EA-3787182BC868}.Release|x86.Build.0 = Release|Any CPU
		{D971A938-D24A-4844-98A9-633ED7C2DC0C}.Debug|Any CPU.ActiveCfg = Debug|Any CPU
		{D971A938-D24A-4844-98A9-633ED7C2DC0C}.Debug|Any CPU.Build.0 = Debug|Any CPU
		{D971A938-D24A-4844-98A9-633ED7C2DC0C}.Debug|x64.ActiveCfg = Debug|Any CPU
		{D971A938-D24A-4844-98A9-633ED7C2DC0C}.Debug|x64.Build.0 = Debug|Any CPU
		{D971A938-D24A-4844-98A9-633ED7C2DC0C}.Debug|x86.ActiveCfg = Debug|Any CPU
		{D971A938-D24A-4844-98A9-633ED7C2DC0C}.Debug|x86.Build.0 = Debug|Any CPU
		{D971A938-D24A-4844-98A9-633ED7C2DC0C}.Release|Any CPU.ActiveCfg = Release|Any CPU
		{D971A938-D24A-4844-98A9-633ED7C2DC0C}.Release|Any CPU.Build.0 = Release|Any CPU
		{D971A938-D24A-4844-98A9-633ED7C2DC0C}.Release|x64.ActiveCfg = Release|Any CPU
		{D971A938-D24A-4844-98A9-633ED7C2DC0C}.Release|x64.Build.0 = Release|Any CPU
		{D971A938-D24A-4844-98A9-633ED7C2DC0C}.Release|x86.ActiveCfg = Release|Any CPU
		{D971A938-D24A-4844-98A9-633ED7C2DC0C}.Release|x86.Build.0 = Release|Any CPU
		{8AE720CF-D959-4746-9C76-1D4B4DA501A6}.Debug|Any CPU.ActiveCfg = Debug|Any CPU
		{8AE720CF-D959-4746-9C76-1D4B4DA501A6}.Debug|Any CPU.Build.0 = Debug|Any CPU
		{8AE720CF-D959-4746-9C76-1D4B4DA501A6}.Debug|x64.ActiveCfg = Debug|Any CPU
		{8AE720CF-D959-4746-9C76-1D4B4DA501A6}.Debug|x64.Build.0 = Debug|Any CPU
		{8AE720CF-D959-4746-9C76-1D4B4DA501A6}.Debug|x86.ActiveCfg = Debug|Any CPU
		{8AE720CF-D959-4746-9C76-1D4B4DA501A6}.Debug|x86.Build.0 = Debug|Any CPU
		{8AE720CF-D959-4746-9C76-1D4B4DA501A6}.Release|Any CPU.ActiveCfg = Release|Any CPU
		{8AE720CF-D959-4746-9C76-1D4B4DA501A6}.Release|Any CPU.Build.0 = Release|Any CPU
		{8AE720CF-D959-4746-9C76-1D4B4DA501A6}.Release|x64.ActiveCfg = Release|Any CPU
		{8AE720CF-D959-4746-9C76-1D4B4DA501A6}.Release|x64.Build.0 = Release|Any CPU
		{8AE720CF-D959-4746-9C76-1D4B4DA501A6}.Release|x86.ActiveCfg = Release|Any CPU
		{8AE720CF-D959-4746-9C76-1D4B4DA501A6}.Release|x86.Build.0 = Release|Any CPU
	EndGlobalSection
	GlobalSection(SolutionProperties) = preSolution
		HideSolutionNode = FALSE
	EndGlobalSection
	GlobalSection(NestedProjects) = preSolution
		{EDCCA0DF-5DC8-2F8D-5811-C9DAF15915A4} = {5854FF58-B8C5-05C6-5BF2-ACE42193F22B}
		{4412D23B-A642-F518-2B7E-E764E75055D8} = {EDCCA0DF-5DC8-2F8D-5811-C9DAF15915A4}
		{2D133ACD-9C02-48A3-9C59-208D6D13F3DF} = {4412D23B-A642-F518-2B7E-E764E75055D8}
		{444F9ED9-574B-252B-71EC-B38CE62DAC07} = {EDCCA0DF-5DC8-2F8D-5811-C9DAF15915A4}
		{2F04DEEC-D16D-49C2-ABEE-0872535BCDFB} = {444F9ED9-574B-252B-71EC-B38CE62DAC07}
		{19EEA307-4B73-41E8-FCDE-2ACAEB234A86} = {EDCCA0DF-5DC8-2F8D-5811-C9DAF15915A4}
		{A35AE2AE-B05E-449F-ABF0-01D43556A05B} = {19EEA307-4B73-41E8-FCDE-2ACAEB234A86}
		{55546B68-E1C6-636E-3136-62FA6ACE7BDB} = {EDCCA0DF-5DC8-2F8D-5811-C9DAF15915A4}
		{C67BFB67-7EE4-4416-B0EA-3787182BC868} = {55546B68-E1C6-636E-3136-62FA6ACE7BDB}
		{A182BE92-436D-637C-93E8-6888E53FAC45} = {EDCCA0DF-5DC8-2F8D-5811-C9DAF15915A4}
		{9027FFDE-EA70-051E-AE57-0FE9F86C3451} = {A182BE92-436D-637C-93E8-6888E53FAC45}
		{D971A938-D24A-4844-98A9-633ED7C2DC0C} = {9027FFDE-EA70-051E-AE57-0FE9F86C3451}
		{1E05F081-1650-85A3-C396-CF923622D1BA} = {A182BE92-436D-637C-93E8-6888E53FAC45}
		{8AE720CF-D959-4746-9C76-1D4B4DA501A6} = {1E05F081-1650-85A3-C396-CF923622D1BA}
	EndGlobalSection
EndGlobal
